
Microsoft Visual Studio Solution File, Format Version 12.00
# Visual Studio Version 17
VisualStudioVersion = 17.8.34525.116
MinimumVisualStudioVersion = 10.0.40219.1
Project("{FAE04EC0-301F-11D3-BF4B-00C04F79EFBC}") = "FiguresArea", "FiguresArea\FiguresArea.csproj", "{2C2098B7-3D3B-4355-A3F2-08BA3BC45873}"
EndProject
Project("{FAE04EC0-301F-11D3-BF4B-00C04F79EFBC}") = "Tests", "Tests\Tests.csproj", "{8E777B31-5A74-4F5E-89C7-8710BA889C4F}"
EndProject
Global
	GlobalSection(SolutionConfigurationPlatforms) = preSolution
		Debug|Any CPU = Debug|Any CPU
		Release|Any CPU = Release|Any CPU
	EndGlobalSection
	GlobalSection(ProjectConfigurationPlatforms) = postSolution
		{2C2098B7-3D3B-4355-A3F2-08BA3BC45873}.Debug|Any CPU.ActiveCfg = Debug|Any CPU
		{2C2098B7-3D3B-4355-A3F2-08BA3BC45873}.Debug|Any CPU.Build.0 = Debug|Any CPU
		{2C2098B7-3D3B-4355-A3F2-08BA3BC45873}.Release|Any CPU.ActiveCfg = Release|Any CPU
		{2C2098B7-3D3B-4355-A3F2-08BA3BC45873}.Release|Any CPU.Build.0 = Release|Any CPU
		{8E777B31-5A74-4F5E-89C7-8710BA889C4F}.Debug|Any CPU.ActiveCfg = Debug|Any CPU
		{8E777B31-5A74-4F5E-89C7-8710BA889C4F}.Debug|Any CPU.Build.0 = Debug|Any CPU
		{8E777B31-5A74-4F5E-89C7-8710BA889C4F}.Release|Any CPU.ActiveCfg = Release|Any CPU
		{8E777B31-5A74-4F5E-89C7-8710BA889C4F}.Release|Any CPU.Build.0 = Release|Any CPU
	EndGlobalSection
	GlobalSection(SolutionProperties) = preSolution
		HideSolutionNode = FALSE
	EndGlobalSection
	GlobalSection(ExtensibilityGlobals) = postSolution
		SolutionGuid = {F435908A-4982-48C2-B516-72C4CEFF92A3}
	EndGlobalSection
EndGlobal
